
Microsoft Visual Studio Solution File, Format Version 12.00
# Visual Studio Version 16
VisualStudioVersion = 16.0.30204.135
MinimumVisualStudioVersion = 10.0.40219.1
Project("{9A19103F-16F7-4668-BE54-9A1E7A4F7556}") = "2", "2\2.csproj", "{CBD2BC14-0E1F-418F-918F-E246A80FB4A7}"
EndProject
Project("{9A19103F-16F7-4668-BE54-9A1E7A4F7556}") = "3", "3\3.csproj", "{2F778F06-88F5-4520-944E-9A864100BE5E}"
EndProject
Project("{9A19103F-16F7-4668-BE54-9A1E7A4F7556}") = "4", "4\4.csproj", "{73638730-2343-4A03-905A-A88CECD62524}"
EndProject
Project("{9A19103F-16F7-4668-BE54-9A1E7A4F7556}") = "5", "5\5.csproj", "{FEC7A34D-46DD-4468-9A8E-320761B8F7EC}"
EndProject
Project("{9A19103F-16F7-4668-BE54-9A1E7A4F7556}") = "6", "6\6.csproj", "{C501B92A-7438-479B-9673-53BC98A368EC}"
EndProject
Project("{9A19103F-16F7-4668-BE54-9A1E7A4F7556}") = "8", "8\8.csproj", "{2E1B9BBD-94E4-4F49-B85B-12B26D1FD289}"
EndProject
Project("{9A19103F-16F7-4668-BE54-9A1E7A4F7556}") = "9", "9\9.csproj", "{EC9E751E-D7D7-4B94-8044-2AAE1B0CECD2}"
EndProject
Project("{9A19103F-16F7-4668-BE54-9A1E7A4F7556}") = "1", "1\1.csproj", "{5A9958E6-F111-4381-8770-CC619AE94413}"
EndProject
Project("{9A19103F-16F7-4668-BE54-9A1E7A4F7556}") = "Задача 11", "Задача 11\Задача 11.csproj", "{D429FE86-1736-48B3-9D43-2864EDE1E887}"
EndProject
Project("{9A19103F-16F7-4668-BE54-9A1E7A4F7556}") = "Тесты 9", "Тесты 9\Тесты 9.csproj", "{FAA53643-E90E-4D47-A757-41DE6A1B6098}"
EndProject
Project("{FAE04EC0-301F-11D3-BF4B-00C04F79EFBC}") = "Тесты 4", "Тесты 4\Тесты 4.csproj", "{E139CE3D-07F6-4EFC-9EBB-291823D0913D}"
EndProject
Global
	GlobalSection(SolutionConfigurationPlatforms) = preSolution
		Debug|Any CPU = Debug|Any CPU
		Release|Any CPU = Release|Any CPU
	EndGlobalSection
	GlobalSection(ProjectConfigurationPlatforms) = postSolution
		{CBD2BC14-0E1F-418F-918F-E246A80FB4A7}.Debug|Any CPU.ActiveCfg = Debug|Any CPU
		{CBD2BC14-0E1F-418F-918F-E246A80FB4A7}.Debug|Any CPU.Build.0 = Debug|Any CPU
		{CBD2BC14-0E1F-418F-918F-E246A80FB4A7}.Release|Any CPU.ActiveCfg = Release|Any CPU
		{CBD2BC14-0E1F-418F-918F-E246A80FB4A7}.Release|Any CPU.Build.0 = Release|Any CPU
		{2F778F06-88F5-4520-944E-9A864100BE5E}.Debug|Any CPU.ActiveCfg = Debug|Any CPU
		{2F778F06-88F5-4520-944E-9A864100BE5E}.Debug|Any CPU.Build.0 = Debug|Any CPU
		{2F778F06-88F5-4520-944E-9A864100BE5E}.Release|Any CPU.ActiveCfg = Release|Any CPU
		{2F778F06-88F5-4520-944E-9A864100BE5E}.Release|Any CPU.Build.0 = Release|Any CPU
		{73638730-2343-4A03-905A-A88CECD62524}.Debug|Any CPU.ActiveCfg = Debug|Any CPU
		{73638730-2343-4A03-905A-A88CECD62524}.Debug|Any CPU.Build.0 = Debug|Any CPU
		{73638730-2343-4A03-905A-A88CECD62524}.Release|Any CPU.ActiveCfg = Release|Any CPU
		{73638730-2343-4A03-905A-A88CECD62524}.Release|Any CPU.Build.0 = Release|Any CPU
		{FEC7A34D-46DD-4468-9A8E-320761B8F7EC}.Debug|Any CPU.ActiveCfg = Debug|Any CPU
		{FEC7A34D-46DD-4468-9A8E-320761B8F7EC}.Debug|Any CPU.Build.0 = Debug|Any CPU
		{FEC7A34D-46DD-4468-9A8E-320761B8F7EC}.Release|Any CPU.ActiveCfg = Release|Any CPU
		{FEC7A34D-46DD-4468-9A8E-320761B8F7EC}.Release|Any CPU.Build.0 = Release|Any CPU
		{C501B92A-7438-479B-9673-53BC98A368EC}.Debug|Any CPU.ActiveCfg = Debug|Any CPU
		{C501B92A-7438-479B-9673-53BC98A368EC}.Debug|Any CPU.Build.0 = Debug|Any CPU
		{C501B92A-7438-479B-9673-53BC98A368EC}.Release|Any CPU.ActiveCfg = Release|Any CPU
		{C501B92A-7438-479B-9673-53BC98A368EC}.Release|Any CPU.Build.0 = Release|Any CPU
		{2E1B9BBD-94E4-4F49-B85B-12B26D1FD289}.Debug|Any CPU.ActiveCfg = Debug|Any CPU
		{2E1B9BBD-94E4-4F49-B85B-12B26D1FD289}.Debug|Any CPU.Build.0 = Debug|Any CPU
		{2E1B9BBD-94E4-4F49-B85B-12B26D1FD289}.Release|Any CPU.ActiveCfg = Release|Any CPU
		{2E1B9BBD-94E4-4F49-B85B-12B26D1FD289}.Release|Any CPU.Build.0 = Release|Any CPU
		{EC9E751E-D7D7-4B94-8044-2AAE1B0CECD2}.Debug|Any CPU.ActiveCfg = Debug|Any CPU
		{EC9E751E-D7D7-4B94-8044-2AAE1B0CECD2}.Debug|Any CPU.Build.0 = Debug|Any CPU
		{EC9E751E-D7D7-4B94-8044-2AAE1B0CECD2}.Release|Any CPU.ActiveCfg = Release|Any CPU
		{EC9E751E-D7D7-4B94-8044-2AAE1B0CECD2}.Release|Any CPU.Build.0 = Release|Any CPU
		{5A9958E6-F111-4381-8770-CC619AE94413}.Debug|Any CPU.ActiveCfg = Debug|Any CPU
		{5A9958E6-F111-4381-8770-CC619AE94413}.Debug|Any CPU.Build.0 = Debug|Any CPU
		{5A9958E6-F111-4381-8770-CC619AE94413}.Release|Any CPU.ActiveCfg = Release|Any CPU
		{5A9958E6-F111-4381-8770-CC619AE94413}.Release|Any CPU.Build.0 = Release|Any CPU
		{D429FE86-1736-48B3-9D43-2864EDE1E887}.Debug|Any CPU.ActiveCfg = Debug|Any CPU
		{D429FE86-1736-48B3-9D43-2864EDE1E887}.Debug|Any CPU.Build.0 = Debug|Any CPU
		{D429FE86-1736-48B3-9D43-2864EDE1E887}.Release|Any CPU.ActiveCfg = Release|Any CPU
		{D429FE86-1736-48B3-9D43-2864EDE1E887}.Release|Any CPU.Build.0 = Release|Any CPU
		{FAA53643-E90E-4D47-A757-41DE6A1B6098}.Debug|Any CPU.ActiveCfg = Debug|Any CPU
		{FAA53643-E90E-4D47-A757-41DE6A1B6098}.Debug|Any CPU.Build.0 = Debug|Any CPU
		{FAA53643-E90E-4D47-A757-41DE6A1B6098}.Release|Any CPU.ActiveCfg = Release|Any CPU
		{FAA53643-E90E-4D47-A757-41DE6A1B6098}.Release|Any CPU.Build.0 = Release|Any CPU
		{E139CE3D-07F6-4EFC-9EBB-291823D0913D}.Debug|Any CPU.ActiveCfg = Debug|Any CPU
		{E139CE3D-07F6-4EFC-9EBB-291823D0913D}.Debug|Any CPU.Build.0 = Debug|Any CPU
		{E139CE3D-07F6-4EFC-9EBB-291823D0913D}.Release|Any CPU.ActiveCfg = Release|Any CPU
		{E139CE3D-07F6-4EFC-9EBB-291823D0913D}.Release|Any CPU.Build.0 = Release|Any CPU
	EndGlobalSection
	GlobalSection(SolutionProperties) = preSolution
		HideSolutionNode = FALSE
	EndGlobalSection
	GlobalSection(ExtensibilityGlobals) = postSolution
		SolutionGuid = {BA74A164-C502-4F2E-9212-0EF145429F9B}
	EndGlobalSection
EndGlobal
